{
  "version": 4,
  "terraform_version": "1.14.8",
  "serial": 22,
  "lineage": "a2403877-2b59-0cb9-a705-dd49571fb19e",
  "outputs": {},
  "resources": [
    {
      "mode": "data",
      "type": "azurerm_resource_group",
      "name": "existing_rg",
      "provider": "provider[\"registry.terraform.io/hashicorp/azurerm\"]",
      "instances": [
        {
          "schema_version": 0,
          "attributes": {
            "id": "/subscriptions/6ae0002f-3385-458e-a6b8-49eabda044bb/resourceGroups/Darshan.k_lean_rg",
            "location": "eastus",
            "managed_by": "",
            "name": "Darshan.k_lean_rg",
            "tags": {
              "Owner": "Darshan.k",
              "Resource Group Name": "Darshan.k_learn_rg"
            },
            "timeouts": null
          },
          "sensitive_attributes": [],
          "identity_schema_version": 0
        }
      ]
    },
    {
      "mode": "managed",
      "type": "azurerm_linux_web_app",
      "name": "ai_backend",
      "provider": "provider[\"registry.terraform.io/hashicorp/azurerm\"]",
      "instances": [
        {
          "schema_version": 1,
          "attributes": {
            "app_settings": {
              "ALGORITHM": "HS256",
              "CORS_ORIGINS": "https://herbal-garden-frontend-app.azurewebsites.net",
              "DATABASE_URL": "postgresql://vhgadmin_terraform:Vinu9945385205@vhg-db-server-darshan-terraform-v1.postgres.database.azure.com:5432/postgres?sslmode=require",
              "DOCKER_ENABLE_CI": "true",
              "GEMINI_API_KEY": "AIzaSyDU2IRX8vjA5dtEfcuJ6IRAKuv4Ij1CBL4",
              "GMAIL_CLIENT_ID": "491680937929-m88h1v3rkremor2v6025aes8l2egqufd.apps.googleusercontent.com",
              "GMAIL_CLIENT_SECRET": "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",
              "GMAIL_REFRESH_TOKEN": "1//0gNUjID8oBv9JCgYIARAAGBASNwF-L9IrkeSzw_VBE71GWQIe4JP-lOM0FYZvbSQAWSfOCPt_Fn4_JCaBvAuCfKBKb-sMagwih8k",
              "GROQ_API_KEY": "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",
              "MAIL_FROM": "dharshan122001@gmail.com",
              "MAIL_PASSWORD": "nxwgqsnu jhfk khof",
              "MAIL_PORT": "587",
              "MAIL_SERVER": "smtp.gmail.com",
              "MAIL_SSL_TLS": "False",
              "MAIL_STARTTLS": "True",
              "MAIL_USERNAME": "dharshan122001@gmail.com",
              "PLANTNET_API_KEY": "2b10axG37F0YebW32fCdNG7Q",
              "PYTHON_VERSION": "3.10.13",
              "SECRET_KEY": "finiteloop_secret_secure_key_123",
              "WEBSITES_ENABLE_APP_SERVICE_STORAGE": "false",
              "WEBSITES_PORT": "8007"
            },
            "auth_settings": [
              {
                "active_directory": [],
                "additional_login_parameters": {},
                "allowed_external_redirect_urls": [],
                "default_provider": "",
                "enabled": false,
                "facebook": [],
                "github": [],
                "google": [],
                "issuer": "",
                "microsoft": [],
                "runtime_version": "",
                "token_refresh_extension_hours": 0,
                "token_store_enabled": false,
                "twitter": [],
                "unauthenticated_client_action": ""
              }
            ],
            "auth_settings_v2": [],
            "backup": [],
            "client_affinity_enabled": false,
            "client_certificate_enabled": false,
            "client_certificate_exclusion_paths": "",
            "client_certificate_mode": "Required",
            "connection_string": [],
            "custom_domain_verification_id": "F79D73E575F65EE9166C6EF5EA99B0AFF41768598572A28BB2B67B7FF116F7D2",
            "default_hostname": "herbal-garden-ai-terraform.azurewebsites.net",
            "enabled": true,
            "ftp_publish_basic_authentication_enabled": true,
            "hosting_environment_id": "",
            "https_only": false,
            "id": "/subscriptions/6ae0002f-3385-458e-a6b8-49eabda044bb/resourceGroups/Darshan.k_lean_rg/providers/Microsoft.Web/sites/herbal-garden-ai-terraform",
            "identity": [],
            "key_vault_reference_identity_id": "SystemAssigned",
            "kind": "app,linux,container",
            "location": "canadacentral",
            "logs": [],
            "name": "herbal-garden-ai-terraform",
            "outbound_ip_address_list": [
              "20.220.134.216",
              "52.228.99.174",
              "20.175.184.81",
              "20.116.208.191",
              "20.116.211.47",
              "20.175.184.93",
              "20.116.166.6",
              "20.116.232.254",
              "52.228.113.85",
              "20.220.50.70",
              "20.175.152.83",
              "52.228.113.174",
              "20.116.40.1"
            ],
            "outbound_ip_addresses": "20.220.134.216,52.228.99.174,20.175.184.81,20.116.208.191,20.116.211.47,20.175.184.93,20.116.166.6,20.116.232.254,52.228.113.85,20.220.50.70,20.175.152.83,52.228.113.174,20.116.40.1",
            "possible_outbound_ip_address_list": [
              "20.220.134.216",
              "52.228.99.174",
              "20.175.184.81",
              "20.116.208.191",
              "20.116.211.47",
              "20.175.184.93",
              "20.116.166.6",
              "20.116.232.254",
              "52.228.113.85",
              "20.220.50.70",
              "20.175.152.83",
              "52.228.113.174",
              "40.82.189.25",
              "20.175.208.43",
              "20.200.106.76",
              "20.220.157.99",
              "20.220.159.223",
              "20.104.9.125",
              "20.175.142.255",
              "20.151.189.51",
              "20.175.158.69",
              "20.48.141.202",
              "20.175.153.236",
              "20.151.187.2",
              "20.116.242.65",
              "20.116.242.104",
              "20.220.52.81",
              "20.200.110.42",
              "4.174.156.195",
              "20.116.85.245",
              "20.116.40.1"
            ],
            "possible_outbound_ip_addresses": "20.220.134.216,52.228.99.174,20.175.184.81,20.116.208.191,20.116.211.47,20.175.184.93,20.116.166.6,20.116.232.254,52.228.113.85,20.220.50.70,20.175.152.83,52.228.113.174,40.82.189.25,20.175.208.43,20.200.106.76,20.220.157.99,20.220.159.223,20.104.9.125,20.175.142.255,20.151.189.51,20.175.158.69,20.48.141.202,20.175.153.236,20.151.187.2,20.116.242.65,20.116.242.104,20.220.52.81,20.200.110.42,4.174.156.195,20.116.85.245,20.116.40.1",
            "public_network_access_enabled": true,
            "resource_group_name": "Darshan.k_lean_rg",
            "service_plan_id": "/subscriptions/6ae0002f-3385-458e-a6b8-49eabda044bb/resourceGroups/Darshan.k_lean_rg/providers/Microsoft.Web/serverFarms/vhg-service-plan-terraform",
            "site_config": [
              {
                "always_on": true,
                "api_definition_url": "",
                "api_management_api_id": "",
                "app_command_line": "",
                "application_stack": [
                  {
                    "docker_image_name": "dharshan3690/ai-service:latest",
                    "docker_registry_password": "",
                    "docker_registry_url": "https://index.docker.io",
                    "docker_registry_username": "",
                    "dotnet_version": "",
                    "go_version": "",
                    "java_server": "",
                    "java_server_version": "",
                    "java_version": "",
                    "node_version": "",
                    "php_version": "",
                    "python_version": "",
                    "ruby_version": ""
                  }
                ],
                "auto_heal_setting": [],
                "container_registry_managed_identity_client_id": "",
                "container_registry_use_managed_identity": false,
                "cors": [],
                "default_documents": [
                  "Default.htm",
                  "Default.html",
                  "Default.asp",
                  "index.htm",
                  "index.html",
                  "iisstart.htm",
                  "default.aspx",
                  "index.php",
                  "hostingstart.html"
                ],
                "detailed_error_logging_enabled": false,
                "ftps_state": "Disabled",
                "health_check_eviction_time_in_min": 0,
                "health_check_path": "",
                "http2_enabled": false,
                "ip_restriction": [],
                "ip_restriction_default_action": "Allow",
                "linux_fx_version": "DOCKER|index.docker.io/dharshan3690/ai-service:latest",
                "load_balancing_mode": "LeastRequests",
                "local_mysql_enabled": false,
                "managed_pipeline_mode": "Integrated",
                "minimum_tls_version": "1.2",
                "remote_debugging_enabled": false,
                "remote_debugging_version": "VS2022",
                "scm_ip_restriction": [],
                "scm_ip_restriction_default_action": "Allow",
                "scm_minimum_tls_version": "1.2",
                "scm_type": "None",
                "scm_use_main_ip_restriction": false,
                "use_32_bit_worker": true,
                "vnet_route_all_enabled": false,
                "websockets_enabled": false,
                "worker_count": 1
              }
            ],
            "site_credential": [
              {
                "name": "$herbal-garden-ai-terraform",
                "password": "bDGkghtjqwK92W73iXSqrfWBaqNvusAhhnoLaTGe12xccAe2Xf9qghP2TYSa"
              }
            ],
            "sticky_settings": [],
            "storage_account": [],
            "tags": {
              "cost": "none",
              "owner": "dharshan.k@navikenz.com",
              "project": "Terraform-vhg-poc"
            },
            "timeouts": null,
            "virtual_network_backup_restore_enabled": false,
            "virtual_network_subnet_id": "",
            "vnet_image_pull_enabled": false,
            "webdeploy_publish_basic_authentication_enabled": true,
            "zip_deploy_file": ""
          },
          "sensitive_attributes": [
            [
              {
                "type": "get_attr",
                "value": "app_settings"
              },
              {
                "type": "index",
                "value": {
                  "value": "DATABASE_URL",
                  "type": "string"
                }
              }
            ],
            [
              {
                "type": "get_attr",
                "value": "custom_domain_verification_id"
              }
            ],
            [
              {
                "type": "get_attr",
                "value": "site_config"
              },
              {
                "type": "index",
                "value": {
                  "value": 0,
                  "type": "number"
                }
              },
              {
                "type": "get_attr",
                "value": "application_stack"
              },
              {
                "type": "index",
                "value": {
                  "value": 0,
                  "type": "number"
                }
              },
              {
                "type": "get_attr",
                "value": "docker_registry_password"
              }
            ],
            [
              {
                "type": "get_attr",
                "value": "site_credential"
              }
            ]
          ],
          "identity_schema_version": 0,
          "private": "eyJlMmJmYjczMC1lY2FhLTExZTYtOGY4OC0zNDM2M2JjN2M0YzAiOnsiY3JlYXRlIjoxODAwMDAwMDAwMDAwLCJkZWxldGUiOjE4MDAwMDAwMDAwMDAsInJlYWQiOjMwMDAwMDAwMDAwMCwidXBkYXRlIjoxODAwMDAwMDAwMDAwfSwic2NoZW1hX3ZlcnNpb24iOiIxIn0=",
          "dependencies": [
            "azurerm_postgresql_flexible_server.vhg_db",
            "azurerm_service_plan.vhg_plan",
            "data.azurerm_resource_group.existing_rg"
          ]
        }
      ]
    },
    {
      "mode": "managed",
      "type": "azurerm_linux_web_app",
      "name": "auth_backend",
      "provider": "provider[\"registry.terraform.io/hashicorp/azurerm\"]",
      "instances": [
        {
          "schema_version": 1,
          "attributes": {
            "app_settings": {
              "ALGORITHM": "HS256",
              "CORS_ORIGINS": "https://herbal-garden-frontend-app.azurewebsites.net",
              "DATABASE_URL": "postgresql://vhgadmin_terraform:Vinu9945385205@vhg-db-server-darshan-terraform-v1.postgres.database.azure.com:5432/postgres?sslmode=require",
              "DOCKER_ENABLE_CI": "true",
              "GEMINI_API_KEY": "AIzaSyDU2IRX8vjA5dtEfcuJ6IRAKuv4Ij1CBL4",
              "GMAIL_CLIENT_ID": "491680937929-m88h1v3rkremor2v6025aes8l2egqufd.apps.googleusercontent.com",
              "GMAIL_CLIENT_SECRET": "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",
              "GMAIL_REFRESH_TOKEN": "1//0gNUjID8oBv9JCgYIARAAGBASNwF-L9IrkeSzw_VBE71GWQIe4JP-lOM0FYZvbSQAWSfOCPt_Fn4_JCaBvAuCfKBKb-sMagwih8k",
              "GROQ_API_KEY": "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",
              "MAIL_FROM": "dharshan122001@gmail.com",
              "MAIL_PASSWORD": "nxwgqsnu jhfk khof",
              "MAIL_PORT": "587",
              "MAIL_SERVER": "smtp.gmail.com",
              "MAIL_SSL_TLS": "False",
              "MAIL_STARTTLS": "True",
              "MAIL_USERNAME": "dharshan122001@gmail.com",
              "PLANTNET_API_KEY": "2b10axG37F0YebW32fCdNG7Q",
              "PYTHON_VERSION": "3.10.13",
              "SECRET_KEY": "finiteloop_secret_secure_key_123",
              "WEBSITES_ENABLE_APP_SERVICE_STORAGE": "false",
              "WEBSITES_PORT": "8006"
            },
            "auth_settings": [
              {
                "active_directory": [],
                "additional_login_parameters": {},
                "allowed_external_redirect_urls": [],
                "default_provider": "",
                "enabled": false,
                "facebook": [],
                "github": [],
                "google": [],
                "issuer": "",
                "microsoft": [],
                "runtime_version": "",
                "token_refresh_extension_hours": 0,
                "token_store_enabled": false,
                "twitter": [],
                "unauthenticated_client_action": ""
              }
            ],
            "auth_settings_v2": [],
            "backup": [],
            "client_affinity_enabled": false,
            "client_certificate_enabled": false,
            "client_certificate_exclusion_paths": "",
            "client_certificate_mode": "Required",
            "connection_string": [],
            "custom_domain_verification_id": "F79D73E575F65EE9166C6EF5EA99B0AFF41768598572A28BB2B67B7FF116F7D2",
            "default_hostname": "herbal-garden-auth-terraform.azurewebsites.net",
            "enabled": true,
            "ftp_publish_basic_authentication_enabled": true,
            "hosting_environment_id": "",
            "https_only": false,
            "id": "/subscriptions/6ae0002f-3385-458e-a6b8-49eabda044bb/resourceGroups/Darshan.k_lean_rg/providers/Microsoft.Web/sites/herbal-garden-auth-terraform",
            "identity": [],
            "key_vault_reference_identity_id": "SystemAssigned",
            "kind": "app,linux,container",
            "location": "canadacentral",
            "logs": [],
            "name": "herbal-garden-auth-terraform",
            "outbound_ip_address_list": [
              "20.220.134.216",
              "52.228.99.174",
              "20.175.184.81",
              "20.116.208.191",
              "20.116.211.47",
              "20.175.184.93",
              "20.116.166.6",
              "20.116.232.254",
              "52.228.113.85",
              "20.220.50.70",
              "20.175.152.83",
              "52.228.113.174",
              "20.116.40.1"
            ],
            "outbound_ip_addresses": "20.220.134.216,52.228.99.174,20.175.184.81,20.116.208.191,20.116.211.47,20.175.184.93,20.116.166.6,20.116.232.254,52.228.113.85,20.220.50.70,20.175.152.83,52.228.113.174,20.116.40.1",
            "possible_outbound_ip_address_list": [
              "20.220.134.216",
              "52.228.99.174",
              "20.175.184.81",
              "20.116.208.191",
              "20.116.211.47",
              "20.175.184.93",
              "20.116.166.6",
              "20.116.232.254",
              "52.228.113.85",
              "20.220.50.70",
              "20.175.152.83",
              "52.228.113.174",
              "40.82.189.25",
              "20.175.208.43",
              "20.200.106.76",
              "20.220.157.99",
              "20.220.159.223",
              "20.104.9.125",
              "20.175.142.255",
              "20.151.189.51",
              "20.175.158.69",
              "20.48.141.202",
              "20.175.153.236",
              "20.151.187.2",
              "20.116.242.65",
              "20.116.242.104",
              "20.220.52.81",
              "20.200.110.42",
              "4.174.156.195",
              "20.116.85.245",
              "20.116.40.1"
            ],
            "possible_outbound_ip_addresses": "20.220.134.216,52.228.99.174,20.175.184.81,20.116.208.191,20.116.211.47,20.175.184.93,20.116.166.6,20.116.232.254,52.228.113.85,20.220.50.70,20.175.152.83,52.228.113.174,40.82.189.25,20.175.208.43,20.200.106.76,20.220.157.99,20.220.159.223,20.104.9.125,20.175.142.255,20.151.189.51,20.175.158.69,20.48.141.202,20.175.153.236,20.151.187.2,20.116.242.65,20.116.242.104,20.220.52.81,20.200.110.42,4.174.156.195,20.116.85.245,20.116.40.1",
            "public_network_access_enabled": true,
            "resource_group_name": "Darshan.k_lean_rg",
            "service_plan_id": "/subscriptions/6ae0002f-3385-458e-a6b8-49eabda044bb/resourceGroups/Darshan.k_lean_rg/providers/Microsoft.Web/serverFarms/vhg-service-plan-terraform",
            "site_config": [
              {
                "always_on": true,
                "api_definition_url": "",
                "api_management_api_id": "",
                "app_command_line": "",
                "application_stack": [
                  {
                    "docker_image_name": "dharshan3690/auth-service:latest",
                    "docker_registry_password": "",
                    "docker_registry_url": "https://index.docker.io",
                    "docker_registry_username": "",
                    "dotnet_version": "",
                    "go_version": "",
                    "java_server": "",
                    "java_server_version": "",
                    "java_version": "",
                    "node_version": "",
                    "php_version": "",
                    "python_version": "",
                    "ruby_version": ""
                  }
                ],
                "auto_heal_setting": [],
                "container_registry_managed_identity_client_id": "",
                "container_registry_use_managed_identity": false,
                "cors": [],
                "default_documents": [
                  "Default.htm",
                  "Default.html",
                  "Default.asp",
                  "index.htm",
                  "index.html",
                  "iisstart.htm",
                  "default.aspx",
                  "index.php",
                  "hostingstart.html"
                ],
                "detailed_error_logging_enabled": false,
                "ftps_state": "Disabled",
                "health_check_eviction_time_in_min": 0,
                "health_check_path": "",
                "http2_enabled": false,
                "ip_restriction": [],
                "ip_restriction_default_action": "Allow",
                "linux_fx_version": "DOCKER|index.docker.io/dharshan3690/auth-service:latest",
                "load_balancing_mode": "LeastRequests",
                "local_mysql_enabled": false,
                "managed_pipeline_mode": "Integrated",
                "minimum_tls_version": "1.2",
                "remote_debugging_enabled": false,
                "remote_debugging_version": "VS2022",
                "scm_ip_restriction": [],
                "scm_ip_restriction_default_action": "Allow",
                "scm_minimum_tls_version": "1.2",
                "scm_type": "None",
                "scm_use_main_ip_restriction": false,
                "use_32_bit_worker": true,
                "vnet_route_all_enabled": false,
                "websockets_enabled": false,
                "worker_count": 1
              }
            ],
            "site_credential": [
              {
                "name": "$herbal-garden-auth-terraform",
                "password": "K8Bjwan01tzxuyeZokBe3q9cBSuXeWrlRFzSLvdq0vFT3bzk3fsk0vhLRorD"
              }
            ],
            "sticky_settings": [],
            "storage_account": [],
            "tags": {
              "cost": "none",
              "owner": "dharshan.k@navikenz.com",
              "project": "Terraform-vhg-poc"
            },
            "timeouts": null,
            "virtual_network_backup_restore_enabled": false,
            "virtual_network_subnet_id": "",
            "vnet_image_pull_enabled": false,
            "webdeploy_publish_basic_authentication_enabled": true,
            "zip_deploy_file": ""
          },
          "sensitive_attributes": [
            [
              {
                "type": "get_attr",
                "value": "app_settings"
              },
              {
                "type": "index",
                "value": {
                  "value": "DATABASE_URL",
                  "type": "string"
                }
              }
            ],
            [
              {
                "type": "get_attr",
                "value": "custom_domain_verification_id"
              }
            ],
            [
              {
                "type": "get_attr",
                "value": "site_config"
              },
              {
                "type": "index",
                "value": {
                  "value": 0,
                  "type": "number"
                }
              },
              {
                "type": "get_attr",
                "value": "application_stack"
              },
              {
                "type": "index",
                "value": {
                  "value": 0,
                  "type": "number"
                }
              },
              {
                "type": "get_attr",
                "value": "docker_registry_password"
              }
            ],
            [
              {
                "type": "get_attr",
                "value": "site_credential"
              }
            ]
          ],
          "identity_schema_version": 0,
          "private": "eyJlMmJmYjczMC1lY2FhLTExZTYtOGY4OC0zNDM2M2JjN2M0YzAiOnsiY3JlYXRlIjoxODAwMDAwMDAwMDAwLCJkZWxldGUiOjE4MDAwMDAwMDAwMDAsInJlYWQiOjMwMDAwMDAwMDAwMCwidXBkYXRlIjoxODAwMDAwMDAwMDAwfSwic2NoZW1hX3ZlcnNpb24iOiIxIn0=",
          "dependencies": [
            "azurerm_postgresql_flexible_server.vhg_db",
            "azurerm_service_plan.vhg_plan",
            "data.azurerm_resource_group.existing_rg"
          ]
        }
      ]
    },
    {
      "mode": "managed",
      "type": "azurerm_linux_web_app",
      "name": "frontend",
      "provider": "provider[\"registry.terraform.io/hashicorp/azurerm\"]",
      "instances": [
        {
          "schema_version": 1,
          "attributes": {
            "app_settings": {
              "DOCKER_ENABLE_CI": "true",
              "VITE_AI_API_URL": "https://herbal-garden-ai-terraform.azurewebsites.net",
              "VITE_AUTH_API_URL": "https://herbal-garden-auth-terraform.azurewebsites.net",
              "VITE_PLANT_API_URL": "https://herbal-garden-plant-terraform.azurewebsites.net",
              "WEBSITES_ENABLE_APP_SERVICE_STORAGE": "false"
            },
            "auth_settings": [
              {
                "active_directory": [],
                "additional_login_parameters": {},
                "allowed_external_redirect_urls": [],
                "default_provider": "",
                "enabled": false,
                "facebook": [],
                "github": [],
                "google": [],
                "issuer": "",
                "microsoft": [],
                "runtime_version": "",
                "token_refresh_extension_hours": 0,
                "token_store_enabled": false,
                "twitter": [],
                "unauthenticated_client_action": ""
              }
            ],
            "auth_settings_v2": [],
            "backup": [],
            "client_affinity_enabled": false,
            "client_certificate_enabled": false,
            "client_certificate_exclusion_paths": "",
            "client_certificate_mode": "Required",
            "connection_string": [],
            "custom_domain_verification_id": "F79D73E575F65EE9166C6EF5EA99B0AFF41768598572A28BB2B67B7FF116F7D2",
            "default_hostname": "herbal-garden-frontend-terraform.azurewebsites.net",
            "enabled": true,
            "ftp_publish_basic_authentication_enabled": true,
            "hosting_environment_id": "",
            "https_only": false,
            "id": "/subscriptions/6ae0002f-3385-458e-a6b8-49eabda044bb/resourceGroups/Darshan.k_lean_rg/providers/Microsoft.Web/sites/herbal-garden-frontend-terraform",
            "identity": [],
            "key_vault_reference_identity_id": "SystemAssigned",
            "kind": "app,linux,container",
            "location": "canadacentral",
            "logs": [],
            "name": "herbal-garden-frontend-terraform",
            "outbound_ip_address_list": [
              "20.220.134.216",
              "52.228.99.174",
              "20.175.184.81",
              "20.116.208.191",
              "20.116.211.47",
              "20.175.184.93",
              "20.116.166.6",
              "20.116.232.254",
              "52.228.113.85",
              "20.220.50.70",
              "20.175.152.83",
              "52.228.113.174",
              "20.116.40.1"
            ],
            "outbound_ip_addresses": "20.220.134.216,52.228.99.174,20.175.184.81,20.116.208.191,20.116.211.47,20.175.184.93,20.116.166.6,20.116.232.254,52.228.113.85,20.220.50.70,20.175.152.83,52.228.113.174,20.116.40.1",
            "possible_outbound_ip_address_list": [
              "20.220.134.216",
              "52.228.99.174",
              "20.175.184.81",
              "20.116.208.191",
              "20.116.211.47",
              "20.175.184.93",
              "20.116.166.6",
              "20.116.232.254",
              "52.228.113.85",
              "20.220.50.70",
              "20.175.152.83",
              "52.228.113.174",
              "40.82.189.25",
              "20.175.208.43",
              "20.200.106.76",
              "20.220.157.99",
              "20.220.159.223",
              "20.104.9.125",
              "20.175.142.255",
              "20.151.189.51",
              "20.175.158.69",
              "20.48.141.202",
              "20.175.153.236",
              "20.151.187.2",
              "20.116.242.65",
              "20.116.242.104",
              "20.220.52.81",
              "20.200.110.42",
              "4.174.156.195",
              "20.116.85.245",
              "20.116.40.1"
            ],
            "possible_outbound_ip_addresses": "20.220.134.216,52.228.99.174,20.175.184.81,20.116.208.191,20.116.211.47,20.175.184.93,20.116.166.6,20.116.232.254,52.228.113.85,20.220.50.70,20.175.152.83,52.228.113.174,40.82.189.25,20.175.208.43,20.200.106.76,20.220.157.99,20.220.159.223,20.104.9.125,20.175.142.255,20.151.189.51,20.175.158.69,20.48.141.202,20.175.153.236,20.151.187.2,20.116.242.65,20.116.242.104,20.220.52.81,20.200.110.42,4.174.156.195,20.116.85.245,20.116.40.1",
            "public_network_access_enabled": true,
            "resource_group_name": "Darshan.k_lean_rg",
            "service_plan_id": "/subscriptions/6ae0002f-3385-458e-a6b8-49eabda044bb/resourceGroups/Darshan.k_lean_rg/providers/Microsoft.Web/serverFarms/vhg-service-plan-terraform",
            "site_config": [
              {
                "always_on": true,
                "api_definition_url": "",
                "api_management_api_id": "",
                "app_command_line": "",
                "application_stack": [
                  {
                    "docker_image_name": "dharshan3690/navi-frontend:1.0.1",
                    "docker_registry_password": "",
                    "docker_registry_url": "https://index.docker.io",
                    "docker_registry_username": "",
                    "dotnet_version": "",
                    "go_version": "",
                    "java_server": "",
                    "java_server_version": "",
                    "java_version": "",
                    "node_version": "",
                    "php_version": "",
                    "python_version": "",
                    "ruby_version": ""
                  }
                ],
                "auto_heal_setting": [],
                "container_registry_managed_identity_client_id": "",
                "container_registry_use_managed_identity": false,
                "cors": [],
                "default_documents": [
                  "Default.htm",
                  "Default.html",
                  "Default.asp",
                  "index.htm",
                  "index.html",
                  "iisstart.htm",
                  "default.aspx",
                  "index.php",
                  "hostingstart.html"
                ],
                "detailed_error_logging_enabled": false,
                "ftps_state": "Disabled",
                "health_check_eviction_time_in_min": 0,
                "health_check_path": "",
                "http2_enabled": false,
                "ip_restriction": [],
                "ip_restriction_default_action": "Allow",
                "linux_fx_version": "DOCKER|index.docker.io/dharshan3690/navi-frontend:1.0.1",
                "load_balancing_mode": "LeastRequests",
                "local_mysql_enabled": false,
                "managed_pipeline_mode": "Integrated",
                "minimum_tls_version": "1.2",
                "remote_debugging_enabled": false,
                "remote_debugging_version": "VS2022",
                "scm_ip_restriction": [],
                "scm_ip_restriction_default_action": "Allow",
                "scm_minimum_tls_version": "1.2",
                "scm_type": "None",
                "scm_use_main_ip_restriction": false,
                "use_32_bit_worker": true,
                "vnet_route_all_enabled": false,
                "websockets_enabled": false,
                "worker_count": 1
              }
            ],
            "site_credential": [
              {
                "name": "$herbal-garden-frontend-terraform",
                "password": "kCat4C1XjrqPcg7tmK485Se2n56LnhTWEmlyt7ssGifZ9hXRzjChpbqfs4uj"
              }
            ],
            "sticky_settings": [],
            "storage_account": [],
            "tags": {
              "cost": "none",
              "owner": "dharshan.k@navikenz.com",
              "project": "Terraform-vhg-poc"
            },
            "timeouts": null,
            "virtual_network_backup_restore_enabled": false,
            "virtual_network_subnet_id": "",
            "vnet_image_pull_enabled": false,
            "webdeploy_publish_basic_authentication_enabled": true,
            "zip_deploy_file": ""
          },
          "sensitive_attributes": [
            [
              {
                "type": "get_attr",
                "value": "custom_domain_verification_id"
              }
            ],
            [
              {
                "type": "get_attr",
                "value": "site_config"
              },
              {
                "type": "index",
                "value": {
                  "value": 0,
                  "type": "number"
                }
              },
              {
                "type": "get_attr",
                "value": "application_stack"
              },
              {
                "type": "index",
                "value": {
                  "value": 0,
                  "type": "number"
                }
              },
              {
                "type": "get_attr",
                "value": "docker_registry_password"
              }
            ],
            [
              {
                "type": "get_attr",
                "value": "site_credential"
              }
            ]
          ],
          "identity_schema_version": 0,
          "private": "eyJlMmJmYjczMC1lY2FhLTExZTYtOGY4OC0zNDM2M2JjN2M0YzAiOnsiY3JlYXRlIjoxODAwMDAwMDAwMDAwLCJkZWxldGUiOjE4MDAwMDAwMDAwMDAsInJlYWQiOjMwMDAwMDAwMDAwMCwidXBkYXRlIjoxODAwMDAwMDAwMDAwfSwic2NoZW1hX3ZlcnNpb24iOiIxIn0=",
          "dependencies": [
            "azurerm_linux_web_app.ai_backend",
            "azurerm_linux_web_app.auth_backend",
            "azurerm_linux_web_app.plant_backend",
            "azurerm_postgresql_flexible_server.vhg_db",
            "azurerm_service_plan.vhg_plan",
            "data.azurerm_resource_group.existing_rg"
          ]
        }
      ]
    },
    {
      "mode": "managed",
      "type": "azurerm_linux_web_app",
      "name": "plant_backend",
      "provider": "provider[\"registry.terraform.io/hashicorp/azurerm\"]",
      "instances": [
        {
          "schema_version": 1,
          "attributes": {
            "app_settings": {
              "ALGORITHM": "HS256",
              "CORS_ORIGINS": "https://herbal-garden-frontend-app.azurewebsites.net",
              "DATABASE_URL": "postgresql://vhgadmin_terraform:Vinu9945385205@vhg-db-server-darshan-terraform-v1.postgres.database.azure.com:5432/postgres?sslmode=require",
              "DOCKER_ENABLE_CI": "true",
              "GEMINI_API_KEY": "AIzaSyDU2IRX8vjA5dtEfcuJ6IRAKuv4Ij1CBL4",
              "GMAIL_CLIENT_ID": "491680937929-m88h1v3rkremor2v6025aes8l2egqufd.apps.googleusercontent.com",
              "GMAIL_CLIENT_SECRET": "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",
              "GMAIL_REFRESH_TOKEN": "1//0gNUjID8oBv9JCgYIARAAGBASNwF-L9IrkeSzw_VBE71GWQIe4JP-lOM0FYZvbSQAWSfOCPt_Fn4_JCaBvAuCfKBKb-sMagwih8k",
              "GROQ_API_KEY": "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",
              "MAIL_FROM": "dharshan122001@gmail.com",
              "MAIL_PASSWORD": "nxwgqsnu jhfk khof",
              "MAIL_PORT": "587",
              "MAIL_SERVER": "smtp.gmail.com",
              "MAIL_SSL_TLS": "False",
              "MAIL_STARTTLS": "True",
              "MAIL_USERNAME": "dharshan122001@gmail.com",
              "PLANTNET_API_KEY": "2b10axG37F0YebW32fCdNG7Q",
              "PYTHON_VERSION": "3.10.13",
              "SECRET_KEY": "finiteloop_secret_secure_key_123",
              "WEBSITES_ENABLE_APP_SERVICE_STORAGE": "false",
              "WEBSITES_PORT": "8005"
            },
            "auth_settings": [
              {
                "active_directory": [],
                "additional_login_parameters": {},
                "allowed_external_redirect_urls": [],
                "default_provider": "",
                "enabled": false,
                "facebook": [],
                "github": [],
                "google": [],
                "issuer": "",
                "microsoft": [],
                "runtime_version": "",
                "token_refresh_extension_hours": 0,
                "token_store_enabled": false,
                "twitter": [],
                "unauthenticated_client_action": ""
              }
            ],
            "auth_settings_v2": [],
            "backup": [],
            "client_affinity_enabled": false,
            "client_certificate_enabled": false,
            "client_certificate_exclusion_paths": "",
            "client_certificate_mode": "Required",
            "connection_string": [],
            "custom_domain_verification_id": "F79D73E575F65EE9166C6EF5EA99B0AFF41768598572A28BB2B67B7FF116F7D2",
            "default_hostname": "herbal-garden-plant-terraform.azurewebsites.net",
            "enabled": true,
            "ftp_publish_basic_authentication_enabled": true,
            "hosting_environment_id": "",
            "https_only": false,
            "id": "/subscriptions/6ae0002f-3385-458e-a6b8-49eabda044bb/resourceGroups/Darshan.k_lean_rg/providers/Microsoft.Web/sites/herbal-garden-plant-terraform",
            "identity": [],
            "key_vault_reference_identity_id": "SystemAssigned",
            "kind": "app,linux,container",
            "location": "canadacentral",
            "logs": [],
            "name": "herbal-garden-plant-terraform",
            "outbound_ip_address_list": [
              "20.220.134.216",
              "52.228.99.174",
              "20.175.184.81",
              "20.116.208.191",
              "20.116.211.47",
              "20.175.184.93",
              "20.116.166.6",
              "20.116.232.254",
              "52.228.113.85",
              "20.220.50.70",
              "20.175.152.83",
              "52.228.113.174",
              "20.116.40.1"
            ],
            "outbound_ip_addresses": "20.220.134.216,52.228.99.174,20.175.184.81,20.116.208.191,20.116.211.47,20.175.184.93,20.116.166.6,20.116.232.254,52.228.113.85,20.220.50.70,20.175.152.83,52.228.113.174,20.116.40.1",
            "possible_outbound_ip_address_list": [
              "20.220.134.216",
              "52.228.99.174",
              "20.175.184.81",
              "20.116.208.191",
              "20.116.211.47",
              "20.175.184.93",
              "20.116.166.6",
              "20.116.232.254",
              "52.228.113.85",
              "20.220.50.70",
              "20.175.152.83",
              "52.228.113.174",
              "40.82.189.25",
              "20.175.208.43",
              "20.200.106.76",
              "20.220.157.99",
              "20.220.159.223",
              "20.104.9.125",
              "20.175.142.255",
              "20.151.189.51",
              "20.175.158.69",
              "20.48.141.202",
              "20.175.153.236",
              "20.151.187.2",
              "20.116.242.65",
              "20.116.242.104",
              "20.220.52.81",
              "20.200.110.42",
              "4.174.156.195",
              "20.116.85.245",
              "20.116.40.1"
            ],
            "possible_outbound_ip_addresses": "20.220.134.216,52.228.99.174,20.175.184.81,20.116.208.191,20.116.211.47,20.175.184.93,20.116.166.6,20.116.232.254,52.228.113.85,20.220.50.70,20.175.152.83,52.228.113.174,40.82.189.25,20.175.208.43,20.200.106.76,20.220.157.99,20.220.159.223,20.104.9.125,20.175.142.255,20.151.189.51,20.175.158.69,20.48.141.202,20.175.153.236,20.151.187.2,20.116.242.65,20.116.242.104,20.220.52.81,20.200.110.42,4.174.156.195,20.116.85.245,20.116.40.1",
            "public_network_access_enabled": true,
            "resource_group_name": "Darshan.k_lean_rg",
            "service_plan_id": "/subscriptions/6ae0002f-3385-458e-a6b8-49eabda044bb/resourceGroups/Darshan.k_lean_rg/providers/Microsoft.Web/serverFarms/vhg-service-plan-terraform",
            "site_config": [
              {
                "always_on": true,
                "api_definition_url": "",
                "api_management_api_id": "",
                "app_command_line": "",
                "application_stack": [
                  {
                    "docker_image_name": "dharshan3690/plant-service:latest",
                    "docker_registry_password": "",
                    "docker_registry_url": "https://index.docker.io",
                    "docker_registry_username": "",
                    "dotnet_version": "",
                    "go_version": "",
                    "java_server": "",
                    "java_server_version": "",
                    "java_version": "",
                    "node_version": "",
                    "php_version": "",
                    "python_version": "",
                    "ruby_version": ""
                  }
                ],
                "auto_heal_setting": [],
                "container_registry_managed_identity_client_id": "",
                "container_registry_use_managed_identity": false,
                "cors": [],
                "default_documents": [
                  "Default.htm",
                  "Default.html",
                  "Default.asp",
                  "index.htm",
                  "index.html",
                  "iisstart.htm",
                  "default.aspx",
                  "index.php",
                  "hostingstart.html"
                ],
                "detailed_error_logging_enabled": false,
                "ftps_state": "Disabled",
                "health_check_eviction_time_in_min": 0,
                "health_check_path": "",
                "http2_enabled": false,
                "ip_restriction": [],
                "ip_restriction_default_action": "Allow",
                "linux_fx_version": "DOCKER|index.docker.io/dharshan3690/plant-service:latest",
                "load_balancing_mode": "LeastRequests",
                "local_mysql_enabled": false,
                "managed_pipeline_mode": "Integrated",
                "minimum_tls_version": "1.2",
                "remote_debugging_enabled": false,
                "remote_debugging_version": "VS2022",
                "scm_ip_restriction": [],
                "scm_ip_restriction_default_action": "Allow",
                "scm_minimum_tls_version": "1.2",
                "scm_type": "None",
                "scm_use_main_ip_restriction": false,
                "use_32_bit_worker": true,
                "vnet_route_all_enabled": false,
                "websockets_enabled": false,
                "worker_count": 1
              }
            ],
            "site_credential": [
              {
                "name": "$herbal-garden-plant-terraform",
                "password": "7mQkmAETzuFNvApyJPGfpdzNNRg8YNkHdfDyRihFb2xbAywJ49wmTov5RCJz"
              }
            ],
            "sticky_settings": [],
            "storage_account": [],
            "tags": {
              "cost": "none",
              "owner": "dharshan.k@navikenz.com",
              "project": "Terraform-vhg-poc"
            },
            "timeouts": null,
            "virtual_network_backup_restore_enabled": false,
            "virtual_network_subnet_id": "",
            "vnet_image_pull_enabled": false,
            "webdeploy_publish_basic_authentication_enabled": true,
            "zip_deploy_file": ""
          },
          "sensitive_attributes": [
            [
              {
                "type": "get_attr",
                "value": "app_settings"
              },
              {
                "type": "index",
                "value": {
                  "value": "DATABASE_URL",
                  "type": "string"
                }
              }
            ],
            [
              {
                "type": "get_attr",
                "value": "custom_domain_verification_id"
              }
            ],
            [
              {
                "type": "get_attr",
                "value": "site_config"
              },
              {
                "type": "index",
                "value": {
                  "value": 0,
                  "type": "number"
                }
              },
              {
                "type": "get_attr",
                "value": "application_stack"
              },
              {
                "type": "index",
                "value": {
                  "value": 0,
                  "type": "number"
                }
              },
              {
                "type": "get_attr",
                "value": "docker_registry_password"
              }
            ],
            [
              {
                "type": "get_attr",
                "value": "site_credential"
              }
            ]
          ],
          "identity_schema_version": 0,
          "private": "eyJlMmJmYjczMC1lY2FhLTExZTYtOGY4OC0zNDM2M2JjN2M0YzAiOnsiY3JlYXRlIjoxODAwMDAwMDAwMDAwLCJkZWxldGUiOjE4MDAwMDAwMDAwMDAsInJlYWQiOjMwMDAwMDAwMDAwMCwidXBkYXRlIjoxODAwMDAwMDAwMDAwfSwic2NoZW1hX3ZlcnNpb24iOiIxIn0=",
          "dependencies": [
            "azurerm_postgresql_flexible_server.vhg_db",
            "azurerm_service_plan.vhg_plan",
            "data.azurerm_resource_group.existing_rg"
          ]
        }
      ]
    },
    {
      "mode": "managed",
      "type": "azurerm_postgresql_flexible_server",
      "name": "vhg_db",
      "provider": "provider[\"registry.terraform.io/hashicorp/azurerm\"]",
      "instances": [
        {
          "schema_version": 0,
          "attributes": {
            "administrator_login": "vhgadmin_terraform",
            "administrator_password": "Vinu9945385205",
            "administrator_password_wo": null,
            "administrator_password_wo_version": 0,
            "authentication": [
              {
                "active_directory_auth_enabled": false,
                "password_auth_enabled": true,
                "tenant_id": ""
              }
            ],
            "auto_grow_enabled": false,
            "backup_retention_days": 7,
            "cluster": [],
            "create_mode": null,
            "customer_managed_key": [],
            "delegated_subnet_id": "",
            "fqdn": "vhg-db-server-darshan-terraform-v1.postgres.database.azure.com",
            "geo_redundant_backup_enabled": false,
            "high_availability": [],
            "id": "/subscriptions/6ae0002f-3385-458e-a6b8-49eabda044bb/resourceGroups/Darshan.k_lean_rg/providers/Microsoft.DBforPostgreSQL/flexibleServers/vhg-db-server-darshan-terraform-v1",
            "identity": [],
            "location": "canadacentral",
            "maintenance_window": [],
            "name": "vhg-db-server-darshan-terraform-v1",
            "point_in_time_restore_time_in_utc": "",
            "private_dns_zone_id": "",
            "public_network_access_enabled": true,
            "replication_role": "",
            "resource_group_name": "Darshan.k_lean_rg",
            "sku_name": "B_Standard_B1ms",
            "source_server_id": "",
            "storage_mb": 32768,
            "storage_tier": "P4",
            "tags": {
              "cost": "none",
              "owner": "dharshan.k@navikenz.com",
              "project": "Terraform-vhg-poc"
            },
            "timeouts": null,
            "version": "13",
            "zone": "1"
          },
          "sensitive_attributes": [
            [
              {
                "type": "get_attr",
                "value": "administrator_password"
              }
            ]
          ],
          "identity_schema_version": 0,
          "private": "eyJlMmJmYjczMC1lY2FhLTExZTYtOGY4OC0zNDM2M2JjN2M0YzAiOnsiY3JlYXRlIjozNjAwMDAwMDAwMDAwLCJkZWxldGUiOjM2MDAwMDAwMDAwMDAsInJlYWQiOjMwMDAwMDAwMDAwMCwidXBkYXRlIjozNjAwMDAwMDAwMDAwfX0=",
          "dependencies": [
            "data.azurerm_resource_group.existing_rg"
          ]
        }
      ]
    },
    {
      "mode": "managed",
      "type": "azurerm_service_plan",
      "name": "vhg_plan",
      "provider": "provider[\"registry.terraform.io/hashicorp/azurerm\"]",
      "instances": [
        {
          "schema_version": 1,
          "attributes": {
            "app_service_environment_id": "",
            "id": "/subscriptions/6ae0002f-3385-458e-a6b8-49eabda044bb/resourceGroups/Darshan.k_lean_rg/providers/Microsoft.Web/serverFarms/vhg-service-plan-terraform",
            "kind": "linux",
            "location": "canadacentral",
            "maximum_elastic_worker_count": 1,
            "name": "vhg-service-plan-terraform",
            "os_type": "Linux",
            "per_site_scaling_enabled": false,
            "premium_plan_auto_scale_enabled": false,
            "reserved": true,
            "resource_group_name": "Darshan.k_lean_rg",
            "sku_name": "B1",
            "tags": {
              "cost": "none",
              "owner": "dharshan.k@navikenz.com",
              "project": "Terraform-vhg-poc"
            },
            "timeouts": null,
            "worker_count": 1,
            "zone_balancing_enabled": false
          },
          "sensitive_attributes": [],
          "identity_schema_version": 0,
          "identity": {
            "name": "vhg-service-plan-terraform",
            "resource_group_name": "Darshan.k_lean_rg",
            "subscription_id": "6ae0002f-3385-458e-a6b8-49eabda044bb"
          },
          "private": "eyJlMmJmYjczMC1lY2FhLTExZTYtOGY4OC0zNDM2M2JjN2M0YzAiOnsiY3JlYXRlIjozNjAwMDAwMDAwMDAwLCJkZWxldGUiOjM2MDAwMDAwMDAwMDAsInJlYWQiOjMwMDAwMDAwMDAwMCwidXBkYXRlIjozNjAwMDAwMDAwMDAwfSwic2NoZW1hX3ZlcnNpb24iOiIxIn0=",
          "dependencies": [
            "data.azurerm_resource_group.existing_rg"
          ]
        }
      ]
    }
  ],
  "check_results": null
}
